
Microsoft Visual Studio Solution File, Format Version 12.00
# Visual Studio Version 17
VisualStudioVersion = 17.1.32210.238
MinimumVisualStudioVersion = 10.0.40219.1
Project("{9A19103F-16F7-4668-BE54-9A1E7A4F7556}") = "SpaceInvaders", "SpaceInvaders\SpaceInvaders.csproj", "{3FE0AE5E-DFC6-412D-96CF-E4009A856315}"
EndProject
Project("{9A19103F-16F7-4668-BE54-9A1E7A4F7556}") = "SpaceInvadersTest", "SpaceInvadersTest\SpaceInvadersTest.csproj", "{B5FFF926-E589-4553-A1BC-016204A6768E}"
EndProject
Global
	GlobalSection(SolutionConfigurationPlatforms) = preSolution
		Debug|Any CPU = Debug|Any CPU
		Release|Any CPU = Release|Any CPU
	EndGlobalSection
	GlobalSection(ProjectConfigurationPlatforms) = postSolution
		{3FE0AE5E-DFC6-412D-96CF-E4009A856315}.Debug|Any CPU.ActiveCfg = Debug|Any CPU
		{3FE0AE5E-DFC6-412D-96CF-E4009A856315}.Debug|Any CPU.Build.0 = Debug|Any CPU
		{3FE0AE5E-DFC6-412D-96CF-E4009A856315}.Release|Any CPU.ActiveCfg = Release|Any CPU
		{3FE0AE5E-DFC6-412D-96CF-E4009A856315}.Release|Any CPU.Build.0 = Release|Any CPU
		{B5FFF926-E589-4553-A1BC-016204A6768E}.Debug|Any CPU.ActiveCfg = Debug|Any CPU
		{B5FFF926-E589-4553-A1BC-016204A6768E}.Debug|Any CPU.Build.0 = Debug|Any CPU
		{B5FFF926-E589-4553-A1BC-016204A6768E}.Release|Any CPU.ActiveCfg = Release|Any CPU
		{B5FFF926-E589-4553-A1BC-016204A6768E}.Release|Any CPU.Build.0 = Release|Any CPU
	EndGlobalSection
	GlobalSection(SolutionProperties) = preSolution
		HideSolutionNode = FALSE
	EndGlobalSection
	GlobalSection(ExtensibilityGlobals) = postSolution
		SolutionGuid = {ACB1E483-AFFC-4EB9-96F5-82C086B23637}
	EndGlobalSection
EndGlobal
